
Microsoft Visual Studio Solution File, Format Version 11.00
# Visual Studio 2010
Project("{2150E333-8FDC-42A3-9474-1A3956D46DE8}") = "Install", "Install", "{8F2291E9-0E1D-414D-9987-88DDDA87FEB3}"
EndProject
Project("{2150E333-8FDC-42A3-9474-1A3956D46DE8}") = "Execute", "Execute", "{E5F6322B-26D8-4C8B-A708-15DCF293EA46}"
EndProject
Project("{2150E333-8FDC-42A3-9474-1A3956D46DE8}") = "Library", "Library", "{E816A36A-EECB-4EF1-B1B9-64DBD80E4A6C}"
EndProject
Project("{FAE04EC0-301F-11D3-BF4B-00C04F79EFBC}") = "GenericSupport", "..\SoftwareModule\GenericSupport\GenericSupport\GenericSupport.csproj", "{A8720C85-F6CF-4834-8386-0C3152205658}"
EndProject
Project("{FAE04EC0-301F-11D3-BF4B-00C04F79EFBC}") = "GUIelement", "..\SoftwareModule\GUIbyLoen\GUIelement\GUIelement.csproj", "{56A1D235-F865-4A41-8E7B-10D802AFD6F1}"
EndProject
Project("{FAE04EC0-301F-11D3-BF4B-00C04F79EFBC}") = "Nanoeye", "..\SoftwareModule\Nanoeye\Nanoeye\Nanoeye.csproj", "{E48F9279-8C65-48C1-9795-8A14234A8562}"
EndProject
Project("{FAE04EC0-301F-11D3-BF4B-00C04F79EFBC}") = "NanoeyeSupport", "..\SoftwareModule\NanoeyeSupport\NanoeyeSupport.csproj", "{0322E4B6-7D52-4C15-AD1B-C29B73BC0989}"
EndProject
Project("{FAE04EC0-301F-11D3-BF4B-00C04F79EFBC}") = "NanoeyeSEM", "NanoeyeSEM\NanoeyeSEM.csproj", "{EFABFA91-D9AA-47BB-89BD-1A965CFFDD71}"
EndProject
Project("{54435603-DBB4-11D2-8724-00A0C9A8B90C}") = "Sense", "Sense\Sense.vdproj", "{7BE58AB6-5FFA-40D3-AD9D-0DA438B77358}"
EndProject
Project("{FAE04EC0-301F-11D3-BF4B-00C04F79EFBC}") = "Mini-SEM", "Mini-SEM\Mini-SEM.csproj", "{99164795-7C2E-4C8D-918F-8E16B363F0AF}"
EndProject
Global
	GlobalSection(SolutionConfigurationPlatforms) = preSolution
		Debug|Any CPU = Debug|Any CPU
		Debug|Mixed Platforms = Debug|Mixed Platforms
		Debug|Win32 = Debug|Win32
		Debug|x64 = Debug|x64
		Debug|x86 = Debug|x86
		Release|Any CPU = Release|Any CPU
		Release|Mixed Platforms = Release|Mixed Platforms
		Release|Win32 = Release|Win32
		Release|x64 = Release|x64
		Release|x86 = Release|x86
		x86|Any CPU = x86|Any CPU
		x86|Mixed Platforms = x86|Mixed Platforms
		x86|Win32 = x86|Win32
		x86|x64 = x86|x64
		x86|x86 = x86|x86
	EndGlobalSection
	GlobalSection(ProjectConfigurationPlatforms) = postSolution
		{A8720C85-F6CF-4834-8386-0C3152205658}.Debug|Any CPU.ActiveCfg = Debug|Any CPU
		{A8720C85-F6CF-4834-8386-0C3152205658}.Debug|Any CPU.Build.0 = Debug|Any CPU
		{A8720C85-F6CF-4834-8386-0C3152205658}.Debug|Mixed Platforms.ActiveCfg = Debug|x64
		{A8720C85-F6CF-4834-8386-0C3152205658}.Debug|Mixed Platforms.Build.0 = Debug|x64
		{A8720C85-F6CF-4834-8386-0C3152205658}.Debug|Win32.ActiveCfg = Debug|x64
		{A8720C85-F6CF-4834-8386-0C3152205658}.Debug|x64.ActiveCfg = Debug|x64
		{A8720C85-F6CF-4834-8386-0C3152205658}.Debug|x64.Build.0 = Debug|x64
		{A8720C85-F6CF-4834-8386-0C3152205658}.Debug|x86.ActiveCfg = Debug|x86
		{A8720C85-F6CF-4834-8386-0C3152205658}.Debug|x86.Build.0 = Debug|x86
		{A8720C85-F6CF-4834-8386-0C3152205658}.Release|Any CPU.ActiveCfg = Release|Any CPU
		{A8720C85-F6CF-4834-8386-0C3152205658}.Release|Any CPU.Build.0 = Release|Any CPU
		{A8720C85-F6CF-4834-8386-0C3152205658}.Release|Mixed Platforms.ActiveCfg = Release|x64
		{A8720C85-F6CF-4834-8386-0C3152205658}.Release|Mixed Platforms.Build.0 = Release|x64
		{A8720C85-F6CF-4834-8386-0C3152205658}.Release|Win32.ActiveCfg = Release|x64
		{A8720C85-F6CF-4834-8386-0C3152205658}.Release|x64.ActiveCfg = Release|x64
		{A8720C85-F6CF-4834-8386-0C3152205658}.Release|x64.Build.0 = Release|x64
		{A8720C85-F6CF-4834-8386-0C3152205658}.Release|x86.ActiveCfg = Release|x86
		{A8720C85-F6CF-4834-8386-0C3152205658}.Release|x86.Build.0 = Release|x86
		{A8720C85-F6CF-4834-8386-0C3152205658}.x86|Any CPU.ActiveCfg = Release|x64
		{A8720C85-F6CF-4834-8386-0C3152205658}.x86|Mixed Platforms.ActiveCfg = Release|x64
		{A8720C85-F6CF-4834-8386-0C3152205658}.x86|Mixed Platforms.Build.0 = Release|x64
		{A8720C85-F6CF-4834-8386-0C3152205658}.x86|Win32.ActiveCfg = Release|x64
		{A8720C85-F6CF-4834-8386-0C3152205658}.x86|x64.ActiveCfg = Release|x64
		{A8720C85-F6CF-4834-8386-0C3152205658}.x86|x64.Build.0 = Release|x64
		{A8720C85-F6CF-4834-8386-0C3152205658}.x86|x86.ActiveCfg = Release|x64
		{56A1D235-F865-4A41-8E7B-10D802AFD6F1}.Debug|Any CPU.ActiveCfg = Debug|Any CPU
		{56A1D235-F865-4A41-8E7B-10D802AFD6F1}.Debug|Any CPU.Build.0 = Debug|Any CPU
		{56A1D235-F865-4A41-8E7B-10D802AFD6F1}.Debug|Mixed Platforms.ActiveCfg = Debug|x64
		{56A1D235-F865-4A41-8E7B-10D802AFD6F1}.Debug|Mixed Platforms.Build.0 = Debug|x64
		{56A1D235-F865-4A41-8E7B-10D802AFD6F1}.Debug|Win32.ActiveCfg = Debug|x64
		{56A1D235-F865-4A41-8E7B-10D802AFD6F1}.Debug|x64.ActiveCfg = Debug|x64
		{56A1D235-F865-4A41-8E7B-10D802AFD6F1}.Debug|x64.Build.0 = Debug|x64
		{56A1D235-F865-4A41-8E7B-10D802AFD6F1}.Debug|x86.ActiveCfg = Debug|x86
		{56A1D235-F865-4A41-8E7B-10D802AFD6F1}.Debug|x86.Build.0 = Debug|x86
		{56A1D235-F865-4A41-8E7B-10D802AFD6F1}.Release|Any CPU.ActiveCfg = Release|Any CPU
		{56A1D235-F865-4A41-8E7B-10D802AFD6F1}.Release|Any CPU.Build.0 = Release|Any CPU
		{56A1D235-F865-4A41-8E7B-10D802AFD6F1}.Release|Mixed Platforms.ActiveCfg = Release|x64
		{56A1D235-F865-4A41-8E7B-10D802AFD6F1}.Release|Mixed Platforms.Build.0 = Release|x64
		{56A1D235-F865-4A41-8E7B-10D802AFD6F1}.Release|Win32.ActiveCfg = Release|x64
		{56A1D235-F865-4A41-8E7B-10D802AFD6F1}.Release|x64.ActiveCfg = Release|x64
		{56A1D235-F865-4A41-8E7B-10D802AFD6F1}.Release|x64.Build.0 = Release|x64
		{56A1D235-F865-4A41-8E7B-10D802AFD6F1}.Release|x86.ActiveCfg = Release|x86
		{56A1D235-F865-4A41-8E7B-10D802AFD6F1}.Release|x86.Build.0 = Release|x86
		{56A1D235-F865-4A41-8E7B-10D802AFD6F1}.x86|Any CPU.ActiveCfg = Release|x64
		{56A1D235-F865-4A41-8E7B-10D802AFD6F1}.x86|Mixed Platforms.ActiveCfg = Release|x64
		{56A1D235-F865-4A41-8E7B-10D802AFD6F1}.x86|Mixed Platforms.Build.0 = Release|x64
		{56A1D235-F865-4A41-8E7B-10D802AFD6F1}.x86|Win32.ActiveCfg = Release|x64
		{56A1D235-F865-4A41-8E7B-10D802AFD6F1}.x86|x64.ActiveCfg = Release|x64
		{56A1D235-F865-4A41-8E7B-10D802AFD6F1}.x86|x64.Build.0 = Release|x64
		{56A1D235-F865-4A41-8E7B-10D802AFD6F1}.x86|x86.ActiveCfg = Release|x64
		{E48F9279-8C65-48C1-9795-8A14234A8562}.Debug|Any CPU.ActiveCfg = Debug|Any CPU
		{E48F9279-8C65-48C1-9795-8A14234A8562}.Debug|Any CPU.Build.0 = Debug|Any CPU
		{E48F9279-8C65-48C1-9795-8A14234A8562}.Debug|Mixed Platforms.ActiveCfg = Debug|x64
		{E48F9279-8C65-48C1-9795-8A14234A8562}.Debug|Mixed Platforms.Build.0 = Debug|x64
		{E48F9279-8C65-48C1-9795-8A14234A8562}.Debug|Win32.ActiveCfg = Debug|x64
		{E48F9279-8C65-48C1-9795-8A14234A8562}.Debug|x64.ActiveCfg = Debug|x64
		{E48F9279-8C65-48C1-9795-8A14234A8562}.Debug|x64.Build.0 = Debug|x64
		{E48F9279-8C65-48C1-9795-8A14234A8562}.Debug|x86.ActiveCfg = Debug|x86
		{E48F9279-8C65-48C1-9795-8A14234A8562}.Debug|x86.Build.0 = Debug|x86
		{E48F9279-8C65-48C1-9795-8A14234A8562}.Release|Any CPU.ActiveCfg = Release|Any CPU
		{E48F9279-8C65-48C1-9795-8A14234A8562}.Release|Any CPU.Build.0 = Release|Any CPU
		{E48F9279-8C65-48C1-9795-8A14234A8562}.Release|Mixed Platforms.ActiveCfg = Release|x64
		{E48F9279-8C65-48C1-9795-8A14234A8562}.Release|Mixed Platforms.Build.0 = Release|x64
		{E48F9279-8C65-48C1-9795-8A14234A8562}.Release|Win32.ActiveCfg = Release|x64
		{E48F9279-8C65-48C1-9795-8A14234A8562}.Release|x64.ActiveCfg = Release|x64
		{E48F9279-8C65-48C1-9795-8A14234A8562}.Release|x64.Build.0 = Release|x64
		{E48F9279-8C65-48C1-9795-8A14234A8562}.Release|x86.ActiveCfg = Release|x86
		{E48F9279-8C65-48C1-9795-8A14234A8562}.Release|x86.Build.0 = Release|x86
		{E48F9279-8C65-48C1-9795-8A14234A8562}.x86|Any CPU.ActiveCfg = Release|x64
		{E48F9279-8C65-48C1-9795-8A14234A8562}.x86|Mixed Platforms.ActiveCfg = Release|x64
		{E48F9279-8C65-48C1-9795-8A14234A8562}.x86|Mixed Platforms.Build.0 = Release|x64
		{E48F9279-8C65-48C1-9795-8A14234A8562}.x86|Win32.ActiveCfg = Release|x64
		{E48F9279-8C65-48C1-9795-8A14234A8562}.x86|x64.ActiveCfg = Release|x64
		{E48F9279-8C65-48C1-9795-8A14234A8562}.x86|x64.Build.0 = Release|x64
		{E48F9279-8C65-48C1-9795-8A14234A8562}.x86|x86.ActiveCfg = Release|x64
		{0322E4B6-7D52-4C15-AD1B-C29B73BC0989}.Debug|Any CPU.ActiveCfg = Debug|Any CPU
		{0322E4B6-7D52-4C15-AD1B-C29B73BC0989}.Debug|Any CPU.Build.0 = Debug|Any CPU
		{0322E4B6-7D52-4C15-AD1B-C29B73BC0989}.Debug|Mixed Platforms.ActiveCfg = Debug|x64
		{0322E4B6-7D52-4C15-AD1B-C29B73BC0989}.Debug|Mixed Platforms.Build.0 = Debug|x64
		{0322E4B6-7D52-4C15-AD1B-C29B73BC0989}.Debug|Win32.ActiveCfg = Debug|x64
		{0322E4B6-7D52-4C15-AD1B-C29B73BC0989}.Debug|x64.ActiveCfg = Debug|x64
		{0322E4B6-7D52-4C15-AD1B-C29B73BC0989}.Debug|x64.Build.0 = Debug|x64
		{0322E4B6-7D52-4C15-AD1B-C29B73BC0989}.Debug|x86.ActiveCfg = Debug|x86
		{0322E4B6-7D52-4C15-AD1B-C29B73BC0989}.Debug|x86.Build.0 = Debug|x86
		{0322E4B6-7D52-4C15-AD1B-C29B73BC0989}.Release|Any CPU.ActiveCfg = Release|Any CPU
		{0322E4B6-7D52-4C15-AD1B-C29B73BC0989}.Release|Any CPU.Build.0 = Release|Any CPU
		{0322E4B6-7D52-4C15-AD1B-C29B73BC0989}.Release|Mixed Platforms.ActiveCfg = Release|x64
		{0322E4B6-7D52-4C15-AD1B-C29B73BC0989}.Release|Mixed Platforms.Build.0 = Release|x64
		{0322E4B6-7D52-4C15-AD1B-C29B73BC0989}.Release|Win32.ActiveCfg = Release|x64
		{0322E4B6-7D52-4C15-AD1B-C29B73BC0989}.Release|x64.ActiveCfg = Release|x64
		{0322E4B6-7D52-4C15-AD1B-C29B73BC0989}.Release|x64.Build.0 = Release|x64
		{0322E4B6-7D52-4C15-AD1B-C29B73BC0989}.Release|x86.ActiveCfg = Release|x86
		{0322E4B6-7D52-4C15-AD1B-C29B73BC0989}.Release|x86.Build.0 = Release|x86
		{0322E4B6-7D52-4C15-AD1B-C29B73BC0989}.x86|Any CPU.ActiveCfg = Release|x64
		{0322E4B6-7D52-4C15-AD1B-C29B73BC0989}.x86|Mixed Platforms.ActiveCfg = Release|x64
		{0322E4B6-7D52-4C15-AD1B-C29B73BC0989}.x86|Mixed Platforms.Build.0 = Release|x64
		{0322E4B6-7D52-4C15-AD1B-C29B73BC0989}.x86|Win32.ActiveCfg = Release|x64
		{0322E4B6-7D52-4C15-AD1B-C29B73BC0989}.x86|x64.ActiveCfg = Release|x64
		{0322E4B6-7D52-4C15-AD1B-C29B73BC0989}.x86|x64.Build.0 = Release|x64
		{0322E4B6-7D52-4C15-AD1B-C29B73BC0989}.x86|x86.ActiveCfg = Release|x64
		{EFABFA91-D9AA-47BB-89BD-1A965CFFDD71}.Debug|Any CPU.ActiveCfg = Debug|Any CPU
		{EFABFA91-D9AA-47BB-89BD-1A965CFFDD71}.Debug|Any CPU.Build.0 = Debug|Any CPU
		{EFABFA91-D9AA-47BB-89BD-1A965CFFDD71}.Debug|Mixed Platforms.ActiveCfg = Debug|x64
		{EFABFA91-D9AA-47BB-89BD-1A965CFFDD71}.Debug|Mixed Platforms.Build.0 = Debug|x64
		{EFABFA91-D9AA-47BB-89BD-1A965CFFDD71}.Debug|Win32.ActiveCfg = Debug|x64
		{EFABFA91-D9AA-47BB-89BD-1A965CFFDD71}.Debug|x64.ActiveCfg = Debug|x64
		{EFABFA91-D9AA-47BB-89BD-1A965CFFDD71}.Debug|x64.Build.0 = Debug|x64
		{EFABFA91-D9AA-47BB-89BD-1A965CFFDD71}.Debug|x86.ActiveCfg = Debug|x86
		{EFABFA91-D9AA-47BB-89BD-1A965CFFDD71}.Debug|x86.Build.0 = Debug|x86
		{EFABFA91-D9AA-47BB-89BD-1A965CFFDD71}.Release|Any CPU.ActiveCfg = Release|Any CPU
		{EFABFA91-D9AA-47BB-89BD-1A965CFFDD71}.Release|Any CPU.Build.0 = Release|Any CPU
		{EFABFA91-D9AA-47BB-89BD-1A965CFFDD71}.Release|Mixed Platforms.ActiveCfg = Release|x64
		{EFABFA91-D9AA-47BB-89BD-1A965CFFDD71}.Release|Mixed Platforms.Build.0 = Release|x64
		{EFABFA91-D9AA-47BB-89BD-1A965CFFDD71}.Release|Win32.ActiveCfg = Release|x64
		{EFABFA91-D9AA-47BB-89BD-1A965CFFDD71}.Release|x64.ActiveCfg = Release|x64
		{EFABFA91-D9AA-47BB-89BD-1A965CFFDD71}.Release|x64.Build.0 = Release|x64
		{EFABFA91-D9AA-47BB-89BD-1A965CFFDD71}.Release|x86.ActiveCfg = Release|x86
		{EFABFA91-D9AA-47BB-89BD-1A965CFFDD71}.Release|x86.Build.0 = Release|x86
		{EFABFA91-D9AA-47BB-89BD-1A965CFFDD71}.x86|Any CPU.ActiveCfg = Release|x64
		{EFABFA91-D9AA-47BB-89BD-1A965CFFDD71}.x86|Mixed Platforms.ActiveCfg = Release|x64
		{EFABFA91-D9AA-47BB-89BD-1A965CFFDD71}.x86|Mixed Platforms.Build.0 = Release|x64
		{EFABFA91-D9AA-47BB-89BD-1A965CFFDD71}.x86|Win32.ActiveCfg = Release|x64
		{EFABFA91-D9AA-47BB-89BD-1A965CFFDD71}.x86|x64.ActiveCfg = Release|x64
		{EFABFA91-D9AA-47BB-89BD-1A965CFFDD71}.x86|x64.Build.0 = Release|x64
		{EFABFA91-D9AA-47BB-89BD-1A965CFFDD71}.x86|x86.ActiveCfg = Release|x64
		{7BE58AB6-5FFA-40D3-AD9D-0DA438B77358}.Debug|Any CPU.ActiveCfg = Debug
		{7BE58AB6-5FFA-40D3-AD9D-0DA438B77358}.Debug|Mixed Platforms.ActiveCfg = Debug
		{7BE58AB6-5FFA-40D3-AD9D-0DA438B77358}.Debug|Win32.ActiveCfg = Debug
		{7BE58AB6-5FFA-40D3-AD9D-0DA438B77358}.Debug|x64.ActiveCfg = Debug
		{7BE58AB6-5FFA-40D3-AD9D-0DA438B77358}.Debug|x86.ActiveCfg = Debug
		{7BE58AB6-5FFA-40D3-AD9D-0DA438B77358}.Release|Any CPU.ActiveCfg = Release
		{7BE58AB6-5FFA-40D3-AD9D-0DA438B77358}.Release|Mixed Platforms.ActiveCfg = Release
		{7BE58AB6-5FFA-40D3-AD9D-0DA438B77358}.Release|Win32.ActiveCfg = Release
		{7BE58AB6-5FFA-40D3-AD9D-0DA438B77358}.Release|x64.ActiveCfg = Release
		{7BE58AB6-5FFA-40D3-AD9D-0DA438B77358}.Release|x86.ActiveCfg = Release
		{7BE58AB6-5FFA-40D3-AD9D-0DA438B77358}.x86|Any CPU.ActiveCfg = Release
		{7BE58AB6-5FFA-40D3-AD9D-0DA438B77358}.x86|Mixed Platforms.ActiveCfg = Release
		{7BE58AB6-5FFA-40D3-AD9D-0DA438B77358}.x86|Win32.ActiveCfg = Release
		{7BE58AB6-5FFA-40D3-AD9D-0DA438B77358}.x86|x64.ActiveCfg = Release
		{7BE58AB6-5FFA-40D3-AD9D-0DA438B77358}.x86|x86.ActiveCfg = Release
		{99164795-7C2E-4C8D-918F-8E16B363F0AF}.Debug|Any CPU.ActiveCfg = Debug|Any CPU
		{99164795-7C2E-4C8D-918F-8E16B363F0AF}.Debug|Any CPU.Build.0 = Debug|Any CPU
		{99164795-7C2E-4C8D-918F-8E16B363F0AF}.Debug|Mixed Platforms.ActiveCfg = Debug|x64
		{99164795-7C2E-4C8D-918F-8E16B363F0AF}.Debug|Mixed Platforms.Build.0 = Debug|x64
		{99164795-7C2E-4C8D-918F-8E16B363F0AF}.Debug|Win32.ActiveCfg = Debug|x64
		{99164795-7C2E-4C8D-918F-8E16B363F0AF}.Debug|x64.ActiveCfg = Debug|x64
		{99164795-7C2E-4C8D-918F-8E16B363F0AF}.Debug|x64.Build.0 = Debug|x64
		{99164795-7C2E-4C8D-918F-8E16B363F0AF}.Debug|x86.ActiveCfg = Debug|x86
		{99164795-7C2E-4C8D-918F-8E16B363F0AF}.Debug|x86.Build.0 = Debug|x86
		{99164795-7C2E-4C8D-918F-8E16B363F0AF}.Release|Any CPU.ActiveCfg = Release|Any CPU
		{99164795-7C2E-4C8D-918F-8E16B363F0AF}.Release|Any CPU.Build.0 = Release|Any CPU
		{99164795-7C2E-4C8D-918F-8E16B363F0AF}.Release|Mixed Platforms.ActiveCfg = Release|x64
		{99164795-7C2E-4C8D-918F-8E16B363F0AF}.Release|Mixed Platforms.Build.0 = Release|x64
		{99164795-7C2E-4C8D-918F-8E16B363F0AF}.Release|Win32.ActiveCfg = Release|x64
		{99164795-7C2E-4C8D-918F-8E16B363F0AF}.Release|x64.ActiveCfg = Release|x64
		{99164795-7C2E-4C8D-918F-8E16B363F0AF}.Release|x64.Build.0 = Release|x64
		{99164795-7C2E-4C8D-918F-8E16B363F0AF}.Release|x86.ActiveCfg = Release|x86
		{99164795-7C2E-4C8D-918F-8E16B363F0AF}.Release|x86.Build.0 = Release|x86
		{99164795-7C2E-4C8D-918F-8E16B363F0AF}.x86|Any CPU.ActiveCfg = Release|x64
		{99164795-7C2E-4C8D-918F-8E16B363F0AF}.x86|Mixed Platforms.ActiveCfg = Release|x64
		{99164795-7C2E-4C8D-918F-8E16B363F0AF}.x86|Mixed Platforms.Build.0 = Release|x64
		{99164795-7C2E-4C8D-918F-8E16B363F0AF}.x86|Win32.ActiveCfg = Release|x64
		{99164795-7C2E-4C8D-918F-8E16B363F0AF}.x86|x64.ActiveCfg = Release|x64
		{99164795-7C2E-4C8D-918F-8E16B363F0AF}.x86|x64.Build.0 = Release|x64
		{99164795-7C2E-4C8D-918F-8E16B363F0AF}.x86|x86.ActiveCfg = Release|x64
	EndGlobalSection
	GlobalSection(SolutionProperties) = preSolution
		HideSolutionNode = FALSE
	EndGlobalSection
	GlobalSection(NestedProjects) = preSolution
		{7BE58AB6-5FFA-40D3-AD9D-0DA438B77358} = {8F2291E9-0E1D-414D-9987-88DDDA87FEB3}
		{99164795-7C2E-4C8D-918F-8E16B363F0AF} = {E5F6322B-26D8-4C8B-A708-15DCF293EA46}
		{A8720C85-F6CF-4834-8386-0C3152205658} = {E816A36A-EECB-4EF1-B1B9-64DBD80E4A6C}
		{56A1D235-F865-4A41-8E7B-10D802AFD6F1} = {E816A36A-EECB-4EF1-B1B9-64DBD80E4A6C}
		{E48F9279-8C65-48C1-9795-8A14234A8562} = {E816A36A-EECB-4EF1-B1B9-64DBD80E4A6C}
		{0322E4B6-7D52-4C15-AD1B-C29B73BC0989} = {E816A36A-EECB-4EF1-B1B9-64DBD80E4A6C}
		{EFABFA91-D9AA-47BB-89BD-1A965CFFDD71} = {E816A36A-EECB-4EF1-B1B9-64DBD80E4A6C}
	EndGlobalSection
EndGlobal
